// !$*UTF8*$!
{
	archiveVersion = 1;
	classes = {
	};
	objectVersion = 46;
	objects = {

/* Begin PBXBuildFile section */
		2DACBE2E01C96891D121EF54 /* Pods_TutorUAndI.framework in Frameworks */ = {isa = PBXBuildFile; fileRef = 9AB703AEDF63C3DA3DB266E6 /* Pods_TutorUAndI.framework */; };
		3F45B2291E66934E00D17D0A /* AppDelegate.swift in Sources */ = {isa = PBXBuildFile; fileRef = 3F45B2281E66934E00D17D0A /* AppDelegate.swift */; };
		3F45B22B1E66934E00D17D0A /* LogInController.swift in Sources */ = {isa = PBXBuildFile; fileRef = 3F45B22A1E66934E00D17D0A /* LogInController.swift */; };
		3F45B2301E66934E00D17D0A /* Assets.xcassets in Resources */ = {isa = PBXBuildFile; fileRef = 3F45B22F1E66934E00D17D0A /* Assets.xcassets */; };
		3F45B2331E66934E00D17D0A /* LaunchScreen.storyboard in Resources */ = {isa = PBXBuildFile; fileRef = 3F45B2311E66934E00D17D0A /* LaunchScreen.storyboard */; };
		3F45B23B1E66936100D17D0A /* GoogleService-Info.plist in Resources */ = {isa = PBXBuildFile; fileRef = 3F45B23A1E66936100D17D0A /* GoogleService-Info.plist */; };
		3F93AD291E67C0BC00E3023E /* Main.storyboard in Resources */ = {isa = PBXBuildFile; fileRef = 3F93AD281E67C0BC00E3023E /* Main.storyboard */; };
		D722A6AC1E6E108D0018D09A /* ItemsManager.swift in Sources */ = {isa = PBXBuildFile; fileRef = D722A6AB1E6E108D0018D09A /* ItemsManager.swift */; };
		D722A6B11E6E10ED0018D09A /* AccountSetting.swift in Sources */ = {isa = PBXBuildFile; fileRef = D722A6AF1E6E10ED0018D09A /* AccountSetting.swift */; };
		D722A6B21E6E10ED0018D09A /* AccountInfo.swift in Sources */ = {isa = PBXBuildFile; fileRef = D722A6B01E6E10ED0018D09A /* AccountInfo.swift */; };
		D723EB2E1E7115AA006C8F67 /* MyAccountViewController.swift in Sources */ = {isa = PBXBuildFile; fileRef = D723EB2D1E7115AA006C8F67 /* MyAccountViewController.swift */; };
		D723EB301E7125A3006C8F67 /* BarTabViewController.swift in Sources */ = {isa = PBXBuildFile; fileRef = D723EB2F1E7125A3006C8F67 /* BarTabViewController.swift */; };
		D75CC8FB1E6BA5E5003BF24F /* SignUpViewController.swift in Sources */ = {isa = PBXBuildFile; fileRef = D75CC8FA1E6BA5E5003BF24F /* SignUpViewController.swift */; };
		D75CC8FD1E6C045E003BF24F /* ProfileViewController.swift in Sources */ = {isa = PBXBuildFile; fileRef = D75CC8FC1E6C045E003BF24F /* ProfileViewController.swift */; };
/* End PBXBuildFile section */

/* Begin PBXFileReference section */
		096CB963B76BA04052B1830E /* Pods-TutorUAndI.release.xcconfig */ = {isa = PBXFileReference; includeInIndex = 1; lastKnownFileType = text.xcconfig; name = "Pods-TutorUAndI.release.xcconfig"; path = "Pods/Target Support Files/Pods-TutorUAndI/Pods-TutorUAndI.release.xcconfig"; sourceTree = "<group>"; };
		3F45B2251E66934E00D17D0A /* TutorUAndI.app */ = {isa = PBXFileReference; explicitFileType = wrapper.application; includeInIndex = 0; path = TutorUAndI.app; sourceTree = BUILT_PRODUCTS_DIR; };
		3F45B2281E66934E00D17D0A /* AppDelegate.swift */ = {isa = PBXFileReference; lastKnownFileType = sourcecode.swift; path = AppDelegate.swift; sourceTree = "<group>"; };
		3F45B22A1E66934E00D17D0A /* LogInController.swift */ = {isa = PBXFileReference; lastKnownFileType = sourcecode.swift; path = LogInController.swift; sourceTree = "<group>"; };
		3F45B22F1E66934E00D17D0A /* Assets.xcassets */ = {isa = PBXFileReference; lastKnownFileType = folder.assetcatalog; path = Assets.xcassets; sourceTree = "<group>"; };
		3F45B2321E66934E00D17D0A /* Base */ = {isa = PBXFileReference; lastKnownFileType = file.storyboard; name = Base; path = Base.lproj/LaunchScreen.storyboard; sourceTree = "<group>"; };
		3F45B2341E66934E00D17D0A /* Info.plist */ = {isa = PBXFileReference; lastKnownFileType = text.plist.xml; path = Info.plist; sourceTree = "<group>"; };
		3F45B23A1E66936100D17D0A /* GoogleService-Info.plist */ = {isa = PBXFileReference; fileEncoding = 4; lastKnownFileType = text.plist.xml; path = "GoogleService-Info.plist"; sourceTree = "<group>"; };
		3F93AD281E67C0BC00E3023E /* Main.storyboard */ = {isa = PBXFileReference; fileEncoding = 4; lastKnownFileType = file.storyboard; path = Main.storyboard; sourceTree = "<group>"; };
		6DF5CEEACAAE9350F03815B8 /* Pods-TutorUAndI.debug.xcconfig */ = {isa = PBXFileReference; includeInIndex = 1; lastKnownFileType = text.xcconfig; name = "Pods-TutorUAndI.debug.xcconfig"; path = "Pods/Target Support Files/Pods-TutorUAndI/Pods-TutorUAndI.debug.xcconfig"; sourceTree = "<group>"; };
		9AB703AEDF63C3DA3DB266E6 /* Pods_TutorUAndI.framework */ = {isa = PBXFileReference; explicitFileType = wrapper.framework; includeInIndex = 0; path = Pods_TutorUAndI.framework; sourceTree = BUILT_PRODUCTS_DIR; };
		D722A6AB1E6E108D0018D09A /* ItemsManager.swift */ = {isa = PBXFileReference; fileEncoding = 4; lastKnownFileType = sourcecode.swift; path = ItemsManager.swift; sourceTree = "<group>"; };
		D722A6AF1E6E10ED0018D09A /* AccountSetting.swift */ = {isa = PBXFileReference; fileEncoding = 4; lastKnownFileType = sourcecode.swift; path = AccountSetting.swift; sourceTree = "<group>"; };
		D722A6B01E6E10ED0018D09A /* AccountInfo.swift */ = {isa = PBXFileReference; fileEncoding = 4; lastKnownFileType = sourcecode.swift; path = AccountInfo.swift; sourceTree = "<group>"; };
		D723EB2D1E7115AA006C8F67 /* MyAccountViewController.swift */ = {isa = PBXFileReference; fileEncoding = 4; lastKnownFileType = sourcecode.swift; path = MyAccountViewController.swift; sourceTree = "<group>"; };
		D723EB2F1E7125A3006C8F67 /* BarTabViewController.swift */ = {isa = PBXFileReference; fileEncoding = 4; lastKnownFileType = sourcecode.swift; path = BarTabViewController.swift; sourceTree = "<group>"; };
		D75CC8FA1E6BA5E5003BF24F /* SignUpViewController.swift */ = {isa = PBXFileReference; fileEncoding = 4; lastKnownFileType = sourcecode.swift; path = SignUpViewController.swift; sourceTree = "<group>"; };
		D75CC8FC1E6C045E003BF24F /* ProfileViewController.swift */ = {isa = PBXFileReference; fileEncoding = 4; lastKnownFileType = sourcecode.swift; path = ProfileViewController.swift; sourceTree = "<group>"; };
/* End PBXFileReference section */

/* Begin PBXFrameworksBuildPhase section */
		3F45B2221E66934E00D17D0A /* Frameworks */ = {
			isa = PBXFrameworksBuildPhase;
			buildActionMask = 2147483647;
			files = (
				2DACBE2E01C96891D121EF54 /* Pods_TutorUAndI.framework in Frameworks */,
			);
			runOnlyForDeploymentPostprocessing = 0;
		};
/* End PBXFrameworksBuildPhase section */

/* Begin PBXGroup section */
		3F45B21C1E66934E00D17D0A = {
			isa = PBXGroup;
			children = (
				3F45B2271E66934E00D17D0A /* TutorUAndI */,
				3F45B2261E66934E00D17D0A /* Products */,
				EA6DE3491589E0C600F43B24 /* Pods */,
				F46DE597CCE325357ED1E469 /* Frameworks */,
			);
			sourceTree = "<group>";
		};
		3F45B2261E66934E00D17D0A /* Products */ = {
			isa = PBXGroup;
			children = (
				3F45B2251E66934E00D17D0A /* TutorUAndI.app */,
			);
			name = Products;
			sourceTree = "<group>";
		};
		3F45B2271E66934E00D17D0A /* TutorUAndI */ = {
			isa = PBXGroup;
			children = (
				D72B0EBC1E68DA0D00E2506E /* ItemManagementModule */,
				3F45B23E1E6693BE00D17D0A /* AccountManagementModule */,
				3F45B23D1E66939C00D17D0A /* AccountViewControllers */,
				3F45B23C1E66937D00D17D0A /* SupportingFiles */,
				3F93AD281E67C0BC00E3023E /* Main.storyboard */,
			);
			path = TutorUAndI;
			sourceTree = "<group>";
		};
		3F45B23C1E66937D00D17D0A /* SupportingFiles */ = {
			isa = PBXGroup;
			children = (
				3F45B2281E66934E00D17D0A /* AppDelegate.swift */,
				3F45B22F1E66934E00D17D0A /* Assets.xcassets */,
				3F45B2311E66934E00D17D0A /* LaunchScreen.storyboard */,
				3F45B2341E66934E00D17D0A /* Info.plist */,
				3F45B23A1E66936100D17D0A /* GoogleService-Info.plist */,
			);
			name = SupportingFiles;
			sourceTree = "<group>";
		};
		3F45B23D1E66939C00D17D0A /* AccountViewControllers */ = {
			isa = PBXGroup;
			children = (
				3F45B22A1E66934E00D17D0A /* LogInController.swift */,
				D75CC8FC1E6C045E003BF24F /* ProfileViewController.swift */,
				D75CC8FA1E6BA5E5003BF24F /* SignUpViewController.swift */,
				D723EB2D1E7115AA006C8F67 /* MyAccountViewController.swift */,
				D723EB2F1E7125A3006C8F67 /* BarTabViewController.swift */,
			);
			name = AccountViewControllers;
			sourceTree = "<group>";
		};
		3F45B23E1E6693BE00D17D0A /* AccountManagementModule */ = {
			isa = PBXGroup;
			children = (
				D722A6AF1E6E10ED0018D09A /* AccountSetting.swift */,
				D722A6B01E6E10ED0018D09A /* AccountInfo.swift */,
			);
			name = AccountManagementModule;
			sourceTree = "<group>";
		};
		D72B0EBC1E68DA0D00E2506E /* ItemManagementModule */ = {
			isa = PBXGroup;
			children = (
				D722A6AB1E6E108D0018D09A /* ItemsManager.swift */,
			);
			name = ItemManagementModule;
			sourceTree = "<group>";
		};
		EA6DE3491589E0C600F43B24 /* Pods */ = {
			isa = PBXGroup;
			children = (
				6DF5CEEACAAE9350F03815B8 /* Pods-TutorUAndI.debug.xcconfig */,
				096CB963B76BA04052B1830E /* Pods-TutorUAndI.release.xcconfig */,
			);
			name = Pods;
			sourceTree = "<group>";
		};
		F46DE597CCE325357ED1E469 /* Frameworks */ = {
			isa = PBXGroup;
			children = (
				9AB703AEDF63C3DA3DB266E6 /* Pods_TutorUAndI.framework */,
			);
			name = Frameworks;
			sourceTree = "<group>";
		};
/* End PBXGroup section */

/* Begin PBXNativeTarget section */
		3F45B2241E66934E00D17D0A /* TutorUAndI */ = {
			isa = PBXNativeTarget;
			buildConfigurationList = 3F45B2371E66934E00D17D0A /* Build configuration list for PBXNativeTarget "TutorUAndI" */;
			buildPhases = (
				DBDAA69BBBCC5ABF8EDD1E5C /* [CP] Check Pods Manifest.lock */,
				3F45B2211E66934E00D17D0A /* Sources */,
				3F45B2221E66934E00D17D0A /* Frameworks */,
				3F45B2231E66934E00D17D0A /* Resources */,
				581472B47252B5B1F6717DBC /* [CP] Embed Pods Frameworks */,
				B352593D0F086D08A364E951 /* [CP] Copy Pods Resources */,
			);
			buildRules = (
			);
			dependencies = (
			);
			name = TutorUAndI;
			productName = TutorUAndI;
			productReference = 3F45B2251E66934E00D17D0A /* TutorUAndI.app */;
			productType = "com.apple.product-type.application";
		};
/* End PBXNativeTarget section */

/* Begin PBXProject section */
		3F45B21D1E66934E00D17D0A /* Project object */ = {
			isa = PBXProject;
			attributes = {
				LastSwiftUpdateCheck = 0820;
				LastUpgradeCheck = 0820;
				ORGANIZATIONNAME = "zeyong shan";
				TargetAttributes = {
					3F45B2241E66934E00D17D0A = {
						CreatedOnToolsVersion = 8.2.1;
						DevelopmentTeam = H3ZELCLQP9;
						ProvisioningStyle = Automatic;
					};
				};
			};
			buildConfigurationList = 3F45B2201E66934E00D17D0A /* Build configuration list for PBXProject "TutorUAndI" */;
			compatibilityVersion = "Xcode 3.2";
			developmentRegion = English;
			hasScannedForEncodings = 0;
			knownRegions = (
				en,
				Base,
			);
			mainGroup = 3F45B21C1E66934E00D17D0A;
			productRefGroup = 3F45B2261E66934E00D17D0A /* Products */;
			projectDirPath = "";
			projectRoot = "";
			targets = (
				3F45B2241E66934E00D17D0A /* TutorUAndI */,
			);
		};
/* End PBXProject section */

/* Begin PBXResourcesBuildPhase section */
		3F45B2231E66934E00D17D0A /* Resources */ = {
			isa = PBXResourcesBuildPhase;
			buildActionMask = 2147483647;
			files = (
				3F45B2331E66934E00D17D0A /* LaunchScreen.storyboard in Resources */,
				3F45B23B1E66936100D17D0A /* GoogleService-Info.plist in Resources */,
				3F45B2301E66934E00D17D0A /* Assets.xcassets in Resources */,
				3F93AD291E67C0BC00E3023E /* Main.storyboard in Resources */,
			);
			runOnlyForDeploymentPostprocessing = 0;
		};
/* End PBXResourcesBuildPhase section */

/* Begin PBXShellScriptBuildPhase section */
		581472B47252B5B1F6717DBC /* [CP] Embed Pods Frameworks */ = {
			isa = PBXShellScriptBuildPhase;
			buildActionMask = 2147483647;
			files = (
			);
			inputPaths = (
			);
			name = "[CP] Embed Pods Frameworks";
			outputPaths = (
			);
			runOnlyForDeploymentPostprocessing = 0;
			shellPath = /bin/sh;
			shellScript = "\"${SRCROOT}/Pods/Target Support Files/Pods-TutorUAndI/Pods-TutorUAndI-frameworks.sh\"\n";
			showEnvVarsInLog = 0;
		};
		B352593D0F086D08A364E951 /* [CP] Copy Pods Resources */ = {
			isa = PBXShellScriptBuildPhase;
			buildActionMask = 2147483647;
			files = (
			);
			inputPaths = (
			);
			name = "[CP] Copy Pods Resources";
			outputPaths = (
			);
			runOnlyForDeploymentPostprocessing = 0;
			shellPath = /bin/sh;
			shellScript = "\"${SRCROOT}/Pods/Target Support Files/Pods-TutorUAndI/Pods-TutorUAndI-resources.sh\"\n";
			showEnvVarsInLog = 0;
		};
		DBDAA69BBBCC5ABF8EDD1E5C /* [CP] Check Pods Manifest.lock */ = {
			isa = PBXShellScriptBuildPhase;
			buildActionMask = 2147483647;
			files = (
			);
			inputPaths = (
			);
			name = "[CP] Check Pods Manifest.lock";
			outputPaths = (
			);
			runOnlyForDeploymentPostprocessing = 0;
			shellPath = /bin/sh;
			shellScript = "diff \"${PODS_ROOT}/../Podfile.lock\" \"${PODS_ROOT}/Manifest.lock\" > /dev/null\nif [ $? != 0 ] ; then\n    # print error to STDERR\n    echo \"error: The sandbox is not in sync with the Podfile.lock. Run 'pod install' or update your CocoaPods installation.\" >&2\n    exit 1\nfi\n";
			showEnvVarsInLog = 0;
		};
/* End PBXShellScriptBuildPhase section */

/* Begin PBXSourcesBuildPhase section */
		3F45B2211E66934E00D17D0A /* Sources */ = {
			isa = PBXSourcesBuildPhase;
			buildActionMask = 2147483647;
			files = (
				D722A6AC1E6E108D0018D09A /* ItemsManager.swift in Sources */,
				3F45B22B1E66934E00D17D0A /* LogInController.swift in Sources */,
				D723EB301E7125A3006C8F67 /* BarTabViewController.swift in Sources */,
				D723EB2E1E7115AA006C8F67 /* MyAccountViewController.swift in Sources */,
				D722A6B11E6E10ED0018D09A /* AccountSetting.swift in Sources */,
				3F45B2291E66934E00D17D0A /* AppDelegate.swift in Sources */,
				D75CC8FD1E6C045E003BF24F /* ProfileViewController.swift in Sources */,
				D75CC8FB1E6BA5E5003BF24F /* SignUpViewController.swift in Sources */,
				D722A6B21E6E10ED0018D09A /* AccountInfo.swift in Sources */,
			);
			runOnlyForDeploymentPostprocessing = 0;
		};
/* End PBXSourcesBuildPhase section */

/* Begin PBXVariantGroup section */
		3F45B2311E66934E00D17D0A /* LaunchScreen.storyboard */ = {
			isa = PBXVariantGroup;
			children = (
				3F45B2321E66934E00D17D0A /* Base */,
			);
			name = LaunchScreen.storyboard;
			sourceTree = "<group>";
		};
/* End PBXVariantGroup section */

/* Begin XCBuildConfiguration section */
		3F45B2351E66934E00D17D0A /* Debug */ = {
			isa = XCBuildConfiguration;
			buildSettings = {
				ALWAYS_SEARCH_USER_PATHS = NO;
				CLANG_ANALYZER_NONNULL = YES;
				CLANG_CXX_LANGUAGE_STANDARD = "gnu++0x";
				CLANG_CXX_LIBRARY = "libc++";
				CLANG_ENABLE_MODULES = YES;
				CLANG_ENABLE_OBJC_ARC = YES;
				CLANG_WARN_BOOL_CONVERSION = YES;
				CLANG_WARN_CONSTANT_CONVERSION = YES;
				CLANG_WARN_DIRECT_OBJC_ISA_USAGE = YES_ERROR;
				CLANG_WARN_DOCUMENTATION_COMMENTS = YES;
				CLANG_WARN_EMPTY_BODY = YES;
				CLANG_WARN_ENUM_CONVERSION = YES;
				CLANG_WARN_INFINITE_RECURSION = YES;
				CLANG_WARN_INT_CONVERSION = YES;
				CLANG_WARN_OBJC_ROOT_CLASS = YES_ERROR;
				CLANG_WARN_SUSPICIOUS_MOVE = YES;
				CLANG_WARN_UNREACHABLE_CODE = YES;
				CLANG_WARN__DUPLICATE_METHOD_MATCH = YES;
				"CODE_SIGN_IDENTITY[sdk=iphoneos*]" = "iPhone Developer";
				COPY_PHASE_STRIP = NO;
				DEBUG_INFORMATION_FORMAT = dwarf;
				ENABLE_STRICT_OBJC_MSGSEND = YES;
				ENABLE_TESTABILITY = YES;
				GCC_C_LANGUAGE_STANDARD = gnu99;
				GCC_DYNAMIC_NO_PIC = NO;
				GCC_NO_COMMON_BLOCKS = YES;
				GCC_OPTIMIZATION_LEVEL = 0;
				GCC_PREPROCESSOR_DEFINITIONS = (
					"DEBUG=1",
					"$(inherited)",
				);
				GCC_WARN_64_TO_32_BIT_CONVERSION = YES;
				GCC_WARN_ABOUT_RETURN_TYPE = YES_ERROR;
				GCC_WARN_UNDECLARED_SELECTOR = YES;
				GCC_WARN_UNINITIALIZED_AUTOS = YES_AGGRESSIVE;
				GCC_WARN_UNUSED_FUNCTION = YES;
				GCC_WARN_UNUSED_VARIABLE = YES;
				IPHONEOS_DEPLOYMENT_TARGET = 10.2;
				MTL_ENABLE_DEBUG_INFO = YES;
				ONLY_ACTIVE_ARCH = YES;
				SDKROOT = iphoneos;
				SWIFT_ACTIVE_COMPILATION_CONDITIONS = DEBUG;
				SWIFT_OPTIMIZATION_LEVEL = "-Onone";
				TARGETED_DEVICE_FAMILY = "1,2";
			};
			name = Debug;
		};
		3F45B2361E66934E00D17D0A /* Release */ = {
			isa = XCBuildConfiguration;
			buildSettings = {
				ALWAYS_SEARCH_USER_PATHS = NO;
				CLANG_ANALYZER_NONNULL = YES;
				CLANG_CXX_LANGUAGE_STANDARD = "gnu++0x";
				CLANG_CXX_LIBRARY = "libc++";
				CLANG_ENABLE_MODULES = YES;
				CLANG_ENABLE_OBJC_ARC = YES;
				CLANG_WARN_BOOL_CONVERSION = YES;
				CLANG_WARN_CONSTANT_CONVERSION = YES;
				CLANG_WARN_DIRECT_OBJC_ISA_USAGE = YES_ERROR;
				CLANG_WARN_DOCUMENTATION_COMMENTS = YES;
				CLANG_WARN_EMPTY_BODY = YES;
				CLANG_WARN_ENUM_CONVERSION = YES;
				CLANG_WARN_INFINITE_RECURSION = YES;
				CLANG_WARN_INT_CONVERSION = YES;
				CLANG_WARN_OBJC_ROOT_CLASS = YES_ERROR;
				CLANG_WARN_SUSPICIOUS_MOVE = YES;
				CLANG_WARN_UNREACHABLE_CODE = YES;
				CLANG_WARN__DUPLICATE_METHOD_MATCH = YES;
				"CODE_SIGN_IDENTITY[sdk=iphoneos*]" = "iPhone Developer";
				COPY_PHASE_STRIP = NO;
				DEBUG_INFORMATION_FORMAT = "dwarf-with-dsym";
				ENABLE_NS_ASSERTIONS = NO;
				ENABLE_STRICT_OBJC_MSGSEND = YES;
				GCC_C_LANGUAGE_STANDARD = gnu99;
				GCC_NO_COMMON_BLOCKS = YES;
				GCC_WARN_64_TO_32_BIT_CONVERSION = YES;
				GCC_WARN_ABOUT_RETURN_TYPE = YES_ERROR;
				GCC_WARN_UNDECLARED_SELECTOR = YES;
				GCC_WARN_UNINITIALIZED_AUTOS = YES_AGGRESSIVE;
				GCC_WARN_UNUSED_FUNCTION = YES;
				GCC_WARN_UNUSED_VARIABLE = YES;
				IPHONEOS_DEPLOYMENT_TARGET = 10.2;
				MTL_ENABLE_DEBUG_INFO = NO;
				SDKROOT = iphoneos;
				SWIFT_OPTIMIZATION_LEVEL = "-Owholemodule";
				TARGETED_DEVICE_FAMILY = "1,2";
				VALIDATE_PRODUCT = YES;
			};
			name = Release;
		};
		3F45B2381E66934E00D17D0A /* Debug */ = {
			isa = XCBuildConfiguration;
			baseConfigurationReference = 6DF5CEEACAAE9350F03815B8 /* Pods-TutorUAndI.debug.xcconfig */;
			buildSettings = {
				ASSETCATALOG_COMPILER_APPICON_NAME = AppIcon;
				DEVELOPMENT_TEAM = H3ZELCLQP9;
				INFOPLIST_FILE = TutorUAndI/Info.plist;
				LD_RUNPATH_SEARCH_PATHS = "$(inherited) @executable_path/Frameworks";
				PRODUCT_BUNDLE_IDENTIFIER = NAsoftware.TutorUAndI;
				PRODUCT_NAME = "$(TARGET_NAME)";
				SWIFT_VERSION = 3.0;
				TARGETED_DEVICE_FAMILY = 1;
			};
			name = Debug;
		};
		3F45B2391E66934E00D17D0A /* Release */ = {
			isa = XCBuildConfiguration;
			baseConfigurationReference = 096CB963B76BA04052B1830E /* Pods-TutorUAndI.release.xcconfig */;
			buildSettings = {
				ASSETCATALOG_COMPILER_APPICON_NAME = AppIcon;
				DEVELOPMENT_TEAM = H3ZELCLQP9;
				INFOPLIST_FILE = TutorUAndI/Info.plist;
				LD_RUNPATH_SEARCH_PATHS = "$(inherited) @executable_path/Frameworks";
				PRODUCT_BUNDLE_IDENTIFIER = NAsoftware.TutorUAndI;
				PRODUCT_NAME = "$(TARGET_NAME)";
				SWIFT_VERSION = 3.0;
				TARGETED_DEVICE_FAMILY = 1;
			};
			name = Release;
		};
/* End XCBuildConfiguration section */

/* Begin XCConfigurationList section */
		3F45B2201E66934E00D17D0A /* Build configuration list for PBXProject "TutorUAndI" */ = {
			isa = XCConfigurationList;
			buildConfigurations = (
				3F45B2351E66934E00D17D0A /* Debug */,
				3F45B2361E66934E00D17D0A /* Release */,
			);
			defaultConfigurationIsVisible = 0;
			defaultConfigurationName = Release;
		};
		3F45B2371E66934E00D17D0A /* Build configuration list for PBXNativeTarget "TutorUAndI" */ = {
			isa = XCConfigurationList;
			buildConfigurations = (
				3F45B2381E66934E00D17D0A /* Debug */,
				3F45B2391E66934E00D17D0A /* Release */,
			);
			defaultConfigurationIsVisible = 0;
			defaultConfigurationName = Release;
		};
/* End XCConfigurationList section */
	};
	rootObject = 3F45B21D1E66934E00D17D0A /* Project object */;
}
